// !$*UTF8*$!
{
	archiveVersion = 1;
	classes = {
	};
	objectVersion = 52;
	objects = {

/* Begin PBXBuildFile section */
		9916E9F324A6704000606972 /* MainChiquitoSay.swift in Sources */ = {isa = PBXBuildFile; fileRef = 9916E9F224A6704000606972 /* MainChiquitoSay.swift */; };
		9916E9FB24A6716400606972 /* ArgumentParser in Frameworks */ = {isa = PBXBuildFile; productRef = 9916E9FA24A6716400606972 /* ArgumentParser */; };
		9916EA0024A7B92F00606972 /* ANSITerminal in Frameworks */ = {isa = PBXBuildFile; productRef = 9916E9FF24A7B92F00606972 /* ANSITerminal */; };
		9916EA0224A88A0A00606972 /* String+Optionals.swift in Sources */ = {isa = PBXBuildFile; fileRef = 9916EA0124A88A0A00606972 /* String+Optionals.swift */; };
		9916EA0624A88B0900606972 /* Process+RunCommand.swift in Sources */ = {isa = PBXBuildFile; fileRef = 9916EA0524A88B0900606972 /* Process+RunCommand.swift */; };
		9916EA0824A88B5500606972 /* ChiquitoSay.swift in Sources */ = {isa = PBXBuildFile; fileRef = 9916EA0724A88B5500606972 /* ChiquitoSay.swift */; };
		9916EA0B24A88DD900606972 /* SwiftFigletKit in Frameworks */ = {isa = PBXBuildFile; productRef = 9916EA0A24A88DD900606972 /* SwiftFigletKit */; };
		9916EA0D24A88DF500606972 /* Banner.swift in Sources */ = {isa = PBXBuildFile; fileRef = 9916EA0C24A88DF500606972 /* Banner.swift */; };
		9916EA1224A892D800606972 /* Files in Frameworks */ = {isa = PBXBuildFile; productRef = 9916EA1124A892D800606972 /* Files */; };
		9981912E24A8FC650061928A /* UIImage+PrintText.swift in Sources */ = {isa = PBXBuildFile; fileRef = 9981912D24A8FC650061928A /* UIImage+PrintText.swift */; };
/* End PBXBuildFile section */

/* Begin PBXCopyFilesBuildPhase section */
		9916E9ED24A6704000606972 /* CopyFiles */ = {
			isa = PBXCopyFilesBuildPhase;
			buildActionMask = 2147483647;
			dstPath = /usr/share/man/man1/;
			dstSubfolderSpec = 0;
			files = (
			);
			runOnlyForDeploymentPostprocessing = 1;
		};
/* End PBXCopyFilesBuildPhase section */

/* Begin PBXFileReference section */
		9916E9EF24A6704000606972 /* ChiquitoSay */ = {isa = PBXFileReference; explicitFileType = "compiled.mach-o.executable"; includeInIndex = 0; path = ChiquitoSay; sourceTree = BUILT_PRODUCTS_DIR; };
		9916E9F224A6704000606972 /* MainChiquitoSay.swift */ = {isa = PBXFileReference; lastKnownFileType = sourcecode.swift; path = MainChiquitoSay.swift; sourceTree = "<group>"; };
		9916EA0124A88A0A00606972 /* String+Optionals.swift */ = {isa = PBXFileReference; lastKnownFileType = sourcecode.swift; path = "String+Optionals.swift"; sourceTree = "<group>"; };
		9916EA0524A88B0900606972 /* Process+RunCommand.swift */ = {isa = PBXFileReference; lastKnownFileType = sourcecode.swift; path = "Process+RunCommand.swift"; sourceTree = "<group>"; };
		9916EA0724A88B5500606972 /* ChiquitoSay.swift */ = {isa = PBXFileReference; lastKnownFileType = sourcecode.swift; path = ChiquitoSay.swift; sourceTree = "<group>"; };
		9916EA0C24A88DF500606972 /* Banner.swift */ = {isa = PBXFileReference; lastKnownFileType = sourcecode.swift; path = Banner.swift; sourceTree = "<group>"; };
		9916EA0F24A88FBD00606972 /* banner.flf */ = {isa = PBXFileReference; lastKnownFileType = text; path = banner.flf; sourceTree = "<group>"; };
		9981912D24A8FC650061928A /* UIImage+PrintText.swift */ = {isa = PBXFileReference; fileEncoding = 4; lastKnownFileType = sourcecode.swift; path = "UIImage+PrintText.swift"; sourceTree = "<group>"; };
		99A5F9EE24AB5FB000C577BE /* README.md */ = {isa = PBXFileReference; lastKnownFileType = net.daringfireball.markdown; path = README.md; sourceTree = "<group>"; };
/* End PBXFileReference section */

/* Begin PBXFrameworksBuildPhase section */
		9916E9EC24A6704000606972 /* Frameworks */ = {
			isa = PBXFrameworksBuildPhase;
			buildActionMask = 2147483647;
			files = (
				9916EA1224A892D800606972 /* Files in Frameworks */,
				9916E9FB24A6716400606972 /* ArgumentParser in Frameworks */,
				9916EA0B24A88DD900606972 /* SwiftFigletKit in Frameworks */,
				9916EA0024A7B92F00606972 /* ANSITerminal in Frameworks */,
			);
			runOnlyForDeploymentPostprocessing = 0;
		};
/* End PBXFrameworksBuildPhase section */

/* Begin PBXGroup section */
		9916E9E624A6704000606972 = {
			isa = PBXGroup;
			children = (
				99A5F9EE24AB5FB000C577BE /* README.md */,
				9916E9F124A6704000606972 /* ChiquitoSay */,
				9916E9F024A6704000606972 /* Products */,
			);
			sourceTree = "<group>";
		};
		9916E9F024A6704000606972 /* Products */ = {
			isa = PBXGroup;
			children = (
				9916E9EF24A6704000606972 /* ChiquitoSay */,
			);
			name = Products;
			sourceTree = "<group>";
		};
		9916E9F124A6704000606972 /* ChiquitoSay */ = {
			isa = PBXGroup;
			children = (
				9916E9F224A6704000606972 /* MainChiquitoSay.swift */,
				9916EA0724A88B5500606972 /* ChiquitoSay.swift */,
				9981912D24A8FC650061928A /* UIImage+PrintText.swift */,
				9916EA0124A88A0A00606972 /* String+Optionals.swift */,
				9916EA0524A88B0900606972 /* Process+RunCommand.swift */,
				9916EA0C24A88DF500606972 /* Banner.swift */,
				9916EA0E24A88F9C00606972 /* fonts */,
			);
			path = ChiquitoSay;
			sourceTree = "<group>";
		};
		9916EA0E24A88F9C00606972 /* fonts */ = {
			isa = PBXGroup;
			children = (
				9916EA0F24A88FBD00606972 /* banner.flf */,
			);
			path = fonts;
			sourceTree = "<group>";
		};
/* End PBXGroup section */

/* Begin PBXNativeTarget section */
		9916E9EE24A6704000606972 /* ChiquitoSay */ = {
			isa = PBXNativeTarget;
			buildConfigurationList = 9916E9F624A6704000606972 /* Build configuration list for PBXNativeTarget "ChiquitoSay" */;
			buildPhases = (
				9916E9EB24A6704000606972 /* Sources */,
				9916E9EC24A6704000606972 /* Frameworks */,
				9916E9ED24A6704000606972 /* CopyFiles */,
			);
			buildRules = (
			);
			dependencies = (
			);
			name = ChiquitoSay;
			packageProductDependencies = (
				9916E9FA24A6716400606972 /* ArgumentParser */,
				9916E9FF24A7B92F00606972 /* ANSITerminal */,
				9916EA0A24A88DD900606972 /* SwiftFigletKit */,
				9916EA1124A892D800606972 /* Files */,
			);
			productName = ChiquitoSay;
			productReference = 9916E9EF24A6704000606972 /* ChiquitoSay */;
			productType = "com.apple.product-type.tool";
		};
/* End PBXNativeTarget section */

/* Begin PBXProject section */
		9916E9E724A6704000606972 /* Project object */ = {
			isa = PBXProject;
			attributes = {
				LastSwiftUpdateCheck = 1200;
				LastUpgradeCheck = 1200;
				TargetAttributes = {
					9916E9EE24A6704000606972 = {
						CreatedOnToolsVersion = 12.0;
					};
				};
			};
			buildConfigurationList = 9916E9EA24A6704000606972 /* Build configuration list for PBXProject "ChiquitoSay" */;
			compatibilityVersion = "Xcode 9.3";
			developmentRegion = en;
			hasScannedForEncodings = 0;
			knownRegions = (
				en,
				Base,
			);
			mainGroup = 9916E9E624A6704000606972;
			packageReferences = (
				9916E9F924A6716400606972 /* XCRemoteSwiftPackageReference "swift-argument-parser" */,
				9916E9FE24A7B92F00606972 /* XCRemoteSwiftPackageReference "ANSITerminal" */,
				9916EA0924A88DD900606972 /* XCRemoteSwiftPackageReference "SwiftFiglet" */,
				9916EA1024A892D800606972 /* XCRemoteSwiftPackageReference "files" */,
			);
			productRefGroup = 9916E9F024A6704000606972 /* Products */;
			projectDirPath = "";
			projectRoot = "";
			targets = (
				9916E9EE24A6704000606972 /* ChiquitoSay */,
			);
		};
/* End PBXProject section */

/* Begin PBXSourcesBuildPhase section */
		9916E9EB24A6704000606972 /* Sources */ = {
			isa = PBXSourcesBuildPhase;
			buildActionMask = 2147483647;
			files = (
				9981912E24A8FC650061928A /* UIImage+PrintText.swift in Sources */,
				9916EA0224A88A0A00606972 /* String+Optionals.swift in Sources */,
				9916EA0624A88B0900606972 /* Process+RunCommand.swift in Sources */,
				9916EA0824A88B5500606972 /* ChiquitoSay.swift in Sources */,
				9916E9F324A6704000606972 /* MainChiquitoSay.swift in Sources */,
				9916EA0D24A88DF500606972 /* Banner.swift in Sources */,
			);
			runOnlyForDeploymentPostprocessing = 0;
		};
/* End PBXSourcesBuildPhase section */

/* Begin XCBuildConfiguration section */
		9916E9F424A6704000606972 /* Debug */ = {
			isa = XCBuildConfiguration;
			buildSettings = {
				ALWAYS_SEARCH_USER_PATHS = NO;
				CLANG_ANALYZER_NONNULL = YES;
				CLANG_ANALYZER_NUMBER_OBJECT_CONVERSION = YES_AGGRESSIVE;
				CLANG_CXX_LANGUAGE_STANDARD = "gnu++14";
				CLANG_CXX_LIBRARY = "libc++";
				CLANG_ENABLE_MODULES = YES;
				CLANG_ENABLE_OBJC_ARC = YES;
				CLANG_ENABLE_OBJC_WEAK = YES;
				CLANG_WARN_BLOCK_CAPTURE_AUTORELEASING = YES;
				CLANG_WARN_BOOL_CONVERSION = YES;
				CLANG_WARN_COMMA = YES;
				CLANG_WARN_CONSTANT_CONVERSION = YES;
				CLANG_WARN_DEPRECATED_OBJC_IMPLEMENTATIONS = YES;
				CLANG_WARN_DIRECT_OBJC_ISA_USAGE = YES_ERROR;
				CLANG_WARN_DOCUMENTATION_COMMENTS = YES;
				CLANG_WARN_EMPTY_BODY = YES;
				CLANG_WARN_ENUM_CONVERSION = YES;
				CLANG_WARN_INFINITE_RECURSION = YES;
				CLANG_WARN_INT_CONVERSION = YES;
				CLANG_WARN_NON_LITERAL_NULL_CONVERSION = YES;
				CLANG_WARN_OBJC_IMPLICIT_RETAIN_SELF = YES;
				CLANG_WARN_OBJC_LITERAL_CONVERSION = YES;
				CLANG_WARN_OBJC_ROOT_CLASS = YES_ERROR;
				CLANG_WARN_QUOTED_INCLUDE_IN_FRAMEWORK_HEADER = YES;
				CLANG_WARN_RANGE_LOOP_ANALYSIS = YES;
				CLANG_WARN_STRICT_PROTOTYPES = YES;
				CLANG_WARN_SUSPICIOUS_MOVE = YES;
				CLANG_WARN_UNGUARDED_AVAILABILITY = YES_AGGRESSIVE;
				CLANG_WARN_UNREACHABLE_CODE = YES;
				CLANG_WARN__DUPLICATE_METHOD_MATCH = YES;
				COPY_PHASE_STRIP = NO;
				DEBUG_INFORMATION_FORMAT = dwarf;
				ENABLE_STRICT_OBJC_MSGSEND = YES;
				ENABLE_TESTABILITY = YES;
				GCC_C_LANGUAGE_STANDARD = gnu11;
				GCC_DYNAMIC_NO_PIC = NO;
				GCC_NO_COMMON_BLOCKS = YES;
				GCC_OPTIMIZATION_LEVEL = 0;
				GCC_PREPROCESSOR_DEFINITIONS = (
					"DEBUG=1",
					"$(inherited)",
				);
				GCC_WARN_64_TO_32_BIT_CONVERSION = YES;
				GCC_WARN_ABOUT_RETURN_TYPE = YES_ERROR;
				GCC_WARN_UNDECLARED_SELECTOR = YES;
				GCC_WARN_UNINITIALIZED_AUTOS = YES_AGGRESSIVE;
				GCC_WARN_UNUSED_FUNCTION = YES;
				GCC_WARN_UNUSED_VARIABLE = YES;
				MACOSX_DEPLOYMENT_TARGET = 10.15;
				MTL_ENABLE_DEBUG_INFO = INCLUDE_SOURCE;
				MTL_FAST_MATH = YES;
				ONLY_ACTIVE_ARCH = YES;
				SDKROOT = macosx;
				SWIFT_ACTIVE_COMPILATION_CONDITIONS = DEBUG;
				SWIFT_OPTIMIZATION_LEVEL = "-Onone";
			};
			name = Debug;
		};
		9916E9F524A6704000606972 /* Release */ = {
			isa = XCBuildConfiguration;
			buildSettings = {
				ALWAYS_SEARCH_USER_PATHS = NO;
				CLANG_ANALYZER_NONNULL = YES;
				CLANG_ANALYZER_NUMBER_OBJECT_CONVERSION = YES_AGGRESSIVE;
				CLANG_CXX_LANGUAGE_STANDARD = "gnu++14";
				CLANG_CXX_LIBRARY = "libc++";
				CLANG_ENABLE_MODULES = YES;
				CLANG_ENABLE_OBJC_ARC = YES;
				CLANG_ENABLE_OBJC_WEAK = YES;
				CLANG_WARN_BLOCK_CAPTURE_AUTORELEASING = YES;
				CLANG_WARN_BOOL_CONVERSION = YES;
				CLANG_WARN_COMMA = YES;
				CLANG_WARN_CONSTANT_CONVERSION = YES;
				CLANG_WARN_DEPRECATED_OBJC_IMPLEMENTATIONS = YES;
				CLANG_WARN_DIRECT_OBJC_ISA_USAGE = YES_ERROR;
				CLANG_WARN_DOCUMENTATION_COMMENTS = YES;
				CLANG_WARN_EMPTY_BODY = YES;
				CLANG_WARN_ENUM_CONVERSION = YES;
				CLANG_WARN_INFINITE_RECURSION = YES;
				CLANG_WARN_INT_CONVERSION = YES;
				CLANG_WARN_NON_LITERAL_NULL_CONVERSION = YES;
				CLANG_WARN_OBJC_IMPLICIT_RETAIN_SELF = YES;
				CLANG_WARN_OBJC_LITERAL_CONVERSION = YES;
				CLANG_WARN_OBJC_ROOT_CLASS = YES_ERROR;
				CLANG_WARN_QUOTED_INCLUDE_IN_FRAMEWORK_HEADER = YES;
				CLANG_WARN_RANGE_LOOP_ANALYSIS = YES;
				CLANG_WARN_STRICT_PROTOTYPES = YES;
				CLANG_WARN_SUSPICIOUS_MOVE = YES;
				CLANG_WARN_UNGUARDED_AVAILABILITY = YES_AGGRESSIVE;
				CLANG_WARN_UNREACHABLE_CODE = YES;
				CLANG_WARN__DUPLICATE_METHOD_MATCH = YES;
				COPY_PHASE_STRIP = NO;
				DEBUG_INFORMATION_FORMAT = "dwarf-with-dsym";
				ENABLE_NS_ASSERTIONS = NO;
				ENABLE_STRICT_OBJC_MSGSEND = YES;
				GCC_C_LANGUAGE_STANDARD = gnu11;
				GCC_NO_COMMON_BLOCKS = YES;
				GCC_WARN_64_TO_32_BIT_CONVERSION = YES;
				GCC_WARN_ABOUT_RETURN_TYPE = YES_ERROR;
				GCC_WARN_UNDECLARED_SELECTOR = YES;
				GCC_WARN_UNINITIALIZED_AUTOS = YES_AGGRESSIVE;
				GCC_WARN_UNUSED_FUNCTION = YES;
				GCC_WARN_UNUSED_VARIABLE = YES;
				MACOSX_DEPLOYMENT_TARGET = 10.15;
				MTL_ENABLE_DEBUG_INFO = NO;
				MTL_FAST_MATH = YES;
				SDKROOT = macosx;
				SWIFT_COMPILATION_MODE = wholemodule;
				SWIFT_OPTIMIZATION_LEVEL = "-O";
			};
			name = Release;
		};
		9916E9F724A6704000606972 /* Debug */ = {
			isa = XCBuildConfiguration;
			buildSettings = {
				CODE_SIGN_STYLE = Automatic;
				DEVELOPMENT_TEAM = 722SF2V9RH;
				ENABLE_HARDENED_RUNTIME = YES;
				PRODUCT_NAME = "$(TARGET_NAME)";
				SWIFT_VERSION = 5.0;
			};
			name = Debug;
		};
		9916E9F824A6704000606972 /* Release */ = {
			isa = XCBuildConfiguration;
			buildSettings = {
				CODE_SIGN_STYLE = Automatic;
				DEVELOPMENT_TEAM = 722SF2V9RH;
				ENABLE_HARDENED_RUNTIME = YES;
				PRODUCT_NAME = "$(TARGET_NAME)";
				SWIFT_VERSION = 5.0;
			};
			name = Release;
		};
/* End XCBuildConfiguration section */

/* Begin XCConfigurationList section */
		9916E9EA24A6704000606972 /* Build configuration list for PBXProject "ChiquitoSay" */ = {
			isa = XCConfigurationList;
			buildConfigurations = (
				9916E9F424A6704000606972 /* Debug */,
				9916E9F524A6704000606972 /* Release */,
			);
			defaultConfigurationIsVisible = 0;
			defaultConfigurationName = Release;
		};
		9916E9F624A6704000606972 /* Build configuration list for PBXNativeTarget "ChiquitoSay" */ = {
			isa = XCConfigurationList;
			buildConfigurations = (
				9916E9F724A6704000606972 /* Debug */,
				9916E9F824A6704000606972 /* Release */,
			);
			defaultConfigurationIsVisible = 0;
			defaultConfigurationName = Release;
		};
/* End XCConfigurationList section */

/* Begin XCRemoteSwiftPackageReference section */
		9916E9F924A6716400606972 /* XCRemoteSwiftPackageReference "swift-argument-parser" */ = {
			isa = XCRemoteSwiftPackageReference;
			repositoryURL = "https://github.com/apple/swift-argument-parser";
			requirement = {
				kind = upToNextMajorVersion;
				minimumVersion = 0.2.0;
			};
		};
		9916E9FE24A7B92F00606972 /* XCRemoteSwiftPackageReference "ANSITerminal" */ = {
			isa = XCRemoteSwiftPackageReference;
			repositoryURL = "https://github.com/pakLebah/ANSITerminal.git";
			requirement = {
				kind = upToNextMajorVersion;
				minimumVersion = 0.0.3;
			};
		};
		9916EA0924A88DD900606972 /* XCRemoteSwiftPackageReference "SwiftFiglet" */ = {
			isa = XCRemoteSwiftPackageReference;
			repositoryURL = "https://github.com/dfreniche/SwiftFiglet";
			requirement = {
				kind = upToNextMajorVersion;
				minimumVersion = 0.2.1;
			};
		};
		9916EA1024A892D800606972 /* XCRemoteSwiftPackageReference "files" */ = {
			isa = XCRemoteSwiftPackageReference;
			repositoryURL = "https://github.com/johnsundell/files";
			requirement = {
				kind = upToNextMajorVersion;
				minimumVersion = 4.1.1;
			};
		};
/* End XCRemoteSwiftPackageReference section */

/* Begin XCSwiftPackageProductDependency section */
		9916E9FA24A6716400606972 /* ArgumentParser */ = {
			isa = XCSwiftPackageProductDependency;
			package = 9916E9F924A6716400606972 /* XCRemoteSwiftPackageReference "swift-argument-parser" */;
			productName = ArgumentParser;
		};
		9916E9FF24A7B92F00606972 /* ANSITerminal */ = {
			isa = XCSwiftPackageProductDependency;
			package = 9916E9FE24A7B92F00606972 /* XCRemoteSwiftPackageReference "ANSITerminal" */;
			productName = ANSITerminal;
		};
		9916EA0A24A88DD900606972 /* SwiftFigletKit */ = {
			isa = XCSwiftPackageProductDependency;
			package = 9916EA0924A88DD900606972 /* XCRemoteSwiftPackageReference "SwiftFiglet" */;
			productName = SwiftFigletKit;
		};
		9916EA1124A892D800606972 /* Files */ = {
			isa = XCSwiftPackageProductDependency;
			package = 9916EA1024A892D800606972 /* XCRemoteSwiftPackageReference "files" */;
			productName = Files;
		};
/* End XCSwiftPackageProductDependency section */
	};
	rootObject = 9916E9E724A6704000606972 /* Project object */;
}
